
Microsoft Visual Studio Solution File, Format Version 12.00
# Visual Studio Version 16
VisualStudioVersion = 16.0.29728.190
MinimumVisualStudioVersion = 10.0.40219.1
Project("{8BC9CEB8-8B4A-11D0-8D11-00A0C91BC942}") = "AIE_01_Warmup_CasualStringBuilder", "Exercises\AIE_01_Warmup_CasualStringBuilder\AIE_01_Warmup_CasualStringBuilder.vcxproj", "{F8240E0E-F6F2-40CD-9F0A-946460553A90}"
EndProject
Project("{2150E333-8FDC-42A3-9474-1A3956D46DE8}") = "WarmUps", "WarmUps", "{BDCE098A-0144-4D23-97AC-BB14EE96DF10}"
EndProject
Project("{2150E333-8FDC-42A3-9474-1A3956D46DE8}") = "GameAI", "GameAI", "{8F40133F-9BF2-4066-A773-0EC68C316F88}"
EndProject
Project("{8BC9CEB8-8B4A-11D0-8D11-00A0C91BC942}") = "AIE_02_WarmUp_BlackJack", "Exercises\AIE_02_WarmUp_BlackJack\AIE_02_WarmUp_BlackJack.vcxproj", "{83C082F5-9D83-4B42-843F-8CC3AF4B100A}"
EndProject
Project("{8BC9CEB8-8B4A-11D0-8D11-00A0C91BC942}") = "AIE_GameAI", "Exercises\GameAI\GameAI.vcxproj", "{CC125297-E55B-4163-BE16-EDF28FD51BE7}"
EndProject
Project("{8BC9CEB8-8B4A-11D0-8D11-00A0C91BC942}") = "AIE_03_WarmUp_MakeABox", "Exercises\AIE_03_WarmUp_MakeABox\AIE_03_WarmUp_MakeABox.vcxproj", "{55915EE4-58E8-446E-9B6F-1D894CE46200}"
EndProject
Project("{8BC9CEB8-8B4A-11D0-8D11-00A0C91BC942}") = "AIE_04_WarmUp_BracketLogic", "Exercises\AIE_04_WarmUp_BracketLogic\AIE_04_WarmUp_BracketLogic.vcxproj", "{AE881D68-5921-43B1-A5C3-20D5B931877F}"
EndProject
Project("{8BC9CEB8-8B4A-11D0-8D11-00A0C91BC942}") = "AIE_GameStateManagerDemo", "Exercises\AIE_GameStateManagerDemo\AIE_GameStateManagerDemo.vcxproj", "{743CDE7D-7E54-4C8C-95F3-2A1FE0B356DC}"
EndProject
Project("{8BC9CEB8-8B4A-11D0-8D11-00A0C91BC942}") = "AIE_05_warmup_MatrixTranspose", "Exercises\AIE_05_warmup_MatrixTranspose\AIE_05_warmup_MatrixTranspose.vcxproj", "{0DD4ECF9-B133-4CE4-BBF0-C80683CAA80F}"
EndProject
Project("{8BC9CEB8-8B4A-11D0-8D11-00A0C91BC942}") = "AIE_06_WarmUp_LargestNumber", "Exercises\AIE_06_WarmUp_LargestNumber\AIE_06_WarmUp_LargestNumber.vcxproj", "{83D0338F-0AAB-4FE9-AB9F-107D246D6C32}"
EndProject
Project("{8BC9CEB8-8B4A-11D0-8D11-00A0C91BC942}") = "AIE_07_WarmUp_CupSwap", "Exercises\AIE_07_WarmUp_CupSwap\AIE_07_WarmUp_CupSwap.vcxproj", "{F4F2427A-E2C4-4783-9BB3-51547F2F7230}"
EndProject
Project("{8BC9CEB8-8B4A-11D0-8D11-00A0C91BC942}") = "AIE_08_WarmUp_EmailValidation", "Exercises\AIE_08_WarmUp_EmailValidation\AIE_08_WarmUp_EmailValidation.vcxproj", "{0B7809BE-2C0F-44BF-AD2D-139FDA87827D}"
EndProject
Project("{8BC9CEB8-8B4A-11D0-8D11-00A0C91BC942}") = "AIE_09_WarmUp_CarFactory", "Exercises\AIE_09_WarmUp_CarFactory\AIE_09_WarmUp_CarFactory.vcxproj", "{87C3BB09-DA5D-495D-AB38-D2A2D3162773}"
EndProject
Project("{8BC9CEB8-8B4A-11D0-8D11-00A0C91BC942}") = "ScrabbleScoring", "Exercises\ScrabbleScoring\ScrabbleScoring.vcxproj", "{4BC30067-F02E-4AC5-A5EC-90965239AA94}"
EndProject
Project("{8BC9CEB8-8B4A-11D0-8D11-00A0C91BC942}") = "AIE_10_WarmUp_dictionary", "Exercises\AIE_10_WarmUp_dictionary\AIE_10_WarmUp_dictionary.vcxproj", "{122121E4-AFAA-4150-AB9E-DCC318D2707C}"
EndProject
Project("{8BC9CEB8-8B4A-11D0-8D11-00A0C91BC942}") = "Othello", "Exercises\Othello\Othello.vcxproj", "{BD531D86-7FC7-4015-8347-1F761D53F613}"
EndProject
Global
	GlobalSection(SolutionConfigurationPlatforms) = preSolution
		Debug|Any CPU = Debug|Any CPU
		Debug|x64 = Debug|x64
		Debug|x86 = Debug|x86
		Release|Any CPU = Release|Any CPU
		Release|x64 = Release|x64
		Release|x86 = Release|x86
	EndGlobalSection
	GlobalSection(ProjectConfigurationPlatforms) = postSolution
		{F8240E0E-F6F2-40CD-9F0A-946460553A90}.Debug|Any CPU.ActiveCfg = Debug|Win32
		{F8240E0E-F6F2-40CD-9F0A-946460553A90}.Debug|x64.ActiveCfg = Debug|x64
		{F8240E0E-F6F2-40CD-9F0A-946460553A90}.Debug|x64.Build.0 = Debug|x64
		{F8240E0E-F6F2-40CD-9F0A-946460553A90}.Debug|x86.ActiveCfg = Debug|Win32
		{F8240E0E-F6F2-40CD-9F0A-946460553A90}.Debug|x86.Build.0 = Debug|Win32
		{F8240E0E-F6F2-40CD-9F0A-946460553A90}.Release|Any CPU.ActiveCfg = Release|Win32
		{F8240E0E-F6F2-40CD-9F0A-946460553A90}.Release|x64.ActiveCfg = Release|x64
		{F8240E0E-F6F2-40CD-9F0A-946460553A90}.Release|x64.Build.0 = Release|x64
		{F8240E0E-F6F2-40CD-9F0A-946460553A90}.Release|x86.ActiveCfg = Release|Win32
		{F8240E0E-F6F2-40CD-9F0A-946460553A90}.Release|x86.Build.0 = Release|Win32
		{83C082F5-9D83-4B42-843F-8CC3AF4B100A}.Debug|Any CPU.ActiveCfg = Debug|Win32
		{83C082F5-9D83-4B42-843F-8CC3AF4B100A}.Debug|x64.ActiveCfg = Debug|x64
		{83C082F5-9D83-4B42-843F-8CC3AF4B100A}.Debug|x64.Build.0 = Debug|x64
		{83C082F5-9D83-4B42-843F-8CC3AF4B100A}.Debug|x86.ActiveCfg = Debug|Win32
		{83C082F5-9D83-4B42-843F-8CC3AF4B100A}.Debug|x86.Build.0 = Debug|Win32
		{83C082F5-9D83-4B42-843F-8CC3AF4B100A}.Release|Any CPU.ActiveCfg = Release|Win32
		{83C082F5-9D83-4B42-843F-8CC3AF4B100A}.Release|x64.ActiveCfg = Release|x64
		{83C082F5-9D83-4B42-843F-8CC3AF4B100A}.Release|x64.Build.0 = Release|x64
		{83C082F5-9D83-4B42-843F-8CC3AF4B100A}.Release|x86.ActiveCfg = Release|Win32
		{83C082F5-9D83-4B42-843F-8CC3AF4B100A}.Release|x86.Build.0 = Release|Win32
		{CC125297-E55B-4163-BE16-EDF28FD51BE7}.Debug|Any CPU.ActiveCfg = Debug|Win32
		{CC125297-E55B-4163-BE16-EDF28FD51BE7}.Debug|x64.ActiveCfg = Debug|x64
		{CC125297-E55B-4163-BE16-EDF28FD51BE7}.Debug|x64.Build.0 = Debug|x64
		{CC125297-E55B-4163-BE16-EDF28FD51BE7}.Debug|x86.ActiveCfg = Debug|Win32
		{CC125297-E55B-4163-BE16-EDF28FD51BE7}.Debug|x86.Build.0 = Debug|Win32
		{CC125297-E55B-4163-BE16-EDF28FD51BE7}.Release|Any CPU.ActiveCfg = Release|Win32
		{CC125297-E55B-4163-BE16-EDF28FD51BE7}.Release|x64.ActiveCfg = Release|x64
		{CC125297-E55B-4163-BE16-EDF28FD51BE7}.Release|x64.Build.0 = Release|x64
		{CC125297-E55B-4163-BE16-EDF28FD51BE7}.Release|x86.ActiveCfg = Release|Win32
		{CC125297-E55B-4163-BE16-EDF28FD51BE7}.Release|x86.Build.0 = Release|Win32
		{55915EE4-58E8-446E-9B6F-1D894CE46200}.Debug|Any CPU.ActiveCfg = Debug|Win32
		{55915EE4-58E8-446E-9B6F-1D894CE46200}.Debug|x64.ActiveCfg = Debug|x64
		{55915EE4-58E8-446E-9B6F-1D894CE46200}.Debug|x64.Build.0 = Debug|x64
		{55915EE4-58E8-446E-9B6F-1D894CE46200}.Debug|x86.ActiveCfg = Debug|Win32
		{55915EE4-58E8-446E-9B6F-1D894CE46200}.Debug|x86.Build.0 = Debug|Win32
		{55915EE4-58E8-446E-9B6F-1D894CE46200}.Release|Any CPU.ActiveCfg = Release|Win32
		{55915EE4-58E8-446E-9B6F-1D894CE46200}.Release|x64.ActiveCfg = Release|x64
		{55915EE4-58E8-446E-9B6F-1D894CE46200}.Release|x64.Build.0 = Release|x64
		{55915EE4-58E8-446E-9B6F-1D894CE46200}.Release|x86.ActiveCfg = Release|Win32
		{55915EE4-58E8-446E-9B6F-1D894CE46200}.Release|x86.Build.0 = Release|Win32
		{AE881D68-5921-43B1-A5C3-20D5B931877F}.Debug|Any CPU.ActiveCfg = Debug|Win32
		{AE881D68-5921-43B1-A5C3-20D5B931877F}.Debug|x64.ActiveCfg = Debug|x64
		{AE881D68-5921-43B1-A5C3-20D5B931877F}.Debug|x64.Build.0 = Debug|x64
		{AE881D68-5921-43B1-A5C3-20D5B931877F}.Debug|x86.ActiveCfg = Debug|Win32
		{AE881D68-5921-43B1-A5C3-20D5B931877F}.Debug|x86.Build.0 = Debug|Win32
		{AE881D68-5921-43B1-A5C3-20D5B931877F}.Release|Any CPU.ActiveCfg = Release|Win32
		{AE881D68-5921-43B1-A5C3-20D5B931877F}.Release|x64.ActiveCfg = Release|x64
		{AE881D68-5921-43B1-A5C3-20D5B931877F}.Release|x64.Build.0 = Release|x64
		{AE881D68-5921-43B1-A5C3-20D5B931877F}.Release|x86.ActiveCfg = Release|Win32
		{AE881D68-5921-43B1-A5C3-20D5B931877F}.Release|x86.Build.0 = Release|Win32
		{743CDE7D-7E54-4C8C-95F3-2A1FE0B356DC}.Debug|Any CPU.ActiveCfg = Debug|Win32
		{743CDE7D-7E54-4C8C-95F3-2A1FE0B356DC}.Debug|x64.ActiveCfg = Debug|x64
		{743CDE7D-7E54-4C8C-95F3-2A1FE0B356DC}.Debug|x64.Build.0 = Debug|x64
		{743CDE7D-7E54-4C8C-95F3-2A1FE0B356DC}.Debug|x86.ActiveCfg = Debug|Win32
		{743CDE7D-7E54-4C8C-95F3-2A1FE0B356DC}.Debug|x86.Build.0 = Debug|Win32
		{743CDE7D-7E54-4C8C-95F3-2A1FE0B356DC}.Release|Any CPU.ActiveCfg = Release|Win32
		{743CDE7D-7E54-4C8C-95F3-2A1FE0B356DC}.Release|x64.ActiveCfg = Release|x64
		{743CDE7D-7E54-4C8C-95F3-2A1FE0B356DC}.Release|x64.Build.0 = Release|x64
		{743CDE7D-7E54-4C8C-95F3-2A1FE0B356DC}.Release|x86.ActiveCfg = Release|Win32
		{743CDE7D-7E54-4C8C-95F3-2A1FE0B356DC}.Release|x86.Build.0 = Release|Win32
		{0DD4ECF9-B133-4CE4-BBF0-C80683CAA80F}.Debug|Any CPU.ActiveCfg = Debug|Win32
		{0DD4ECF9-B133-4CE4-BBF0-C80683CAA80F}.Debug|x64.ActiveCfg = Debug|x64
		{0DD4ECF9-B133-4CE4-BBF0-C80683CAA80F}.Debug|x64.Build.0 = Debug|x64
		{0DD4ECF9-B133-4CE4-BBF0-C80683CAA80F}.Debug|x86.ActiveCfg = Debug|Win32
		{0DD4ECF9-B133-4CE4-BBF0-C80683CAA80F}.Debug|x86.Build.0 = Debug|Win32
		{0DD4ECF9-B133-4CE4-BBF0-C80683CAA80F}.Release|Any CPU.ActiveCfg = Release|Win32
		{0DD4ECF9-B133-4CE4-BBF0-C80683CAA80F}.Release|x64.ActiveCfg = Release|x64
		{0DD4ECF9-B133-4CE4-BBF0-C80683CAA80F}.Release|x64.Build.0 = Release|x64
		{0DD4ECF9-B133-4CE4-BBF0-C80683CAA80F}.Release|x86.ActiveCfg = Release|Win32
		{0DD4ECF9-B133-4CE4-BBF0-C80683CAA80F}.Release|x86.Build.0 = Release|Win32
		{83D0338F-0AAB-4FE9-AB9F-107D246D6C32}.Debug|Any CPU.ActiveCfg = Debug|Win32
		{83D0338F-0AAB-4FE9-AB9F-107D246D6C32}.Debug|x64.ActiveCfg = Debug|x64
		{83D0338F-0AAB-4FE9-AB9F-107D246D6C32}.Debug|x64.Build.0 = Debug|x64
		{83D0338F-0AAB-4FE9-AB9F-107D246D6C32}.Debug|x86.ActiveCfg = Debug|Win32
		{83D0338F-0AAB-4FE9-AB9F-107D246D6C32}.Debug|x86.Build.0 = Debug|Win32
		{83D0338F-0AAB-4FE9-AB9F-107D246D6C32}.Release|Any CPU.ActiveCfg = Release|Win32
		{83D0338F-0AAB-4FE9-AB9F-107D246D6C32}.Release|x64.ActiveCfg = Release|x64
		{83D0338F-0AAB-4FE9-AB9F-107D246D6C32}.Release|x64.Build.0 = Release|x64
		{83D0338F-0AAB-4FE9-AB9F-107D246D6C32}.Release|x86.ActiveCfg = Release|Win32
		{83D0338F-0AAB-4FE9-AB9F-107D246D6C32}.Release|x86.Build.0 = Release|Win32
		{F4F2427A-E2C4-4783-9BB3-51547F2F7230}.Debug|Any CPU.ActiveCfg = Debug|Win32
		{F4F2427A-E2C4-4783-9BB3-51547F2F7230}.Debug|x64.ActiveCfg = Debug|x64
		{F4F2427A-E2C4-4783-9BB3-51547F2F7230}.Debug|x64.Build.0 = Debug|x64
		{F4F2427A-E2C4-4783-9BB3-51547F2F7230}.Debug|x86.ActiveCfg = Debug|Win32
		{F4F2427A-E2C4-4783-9BB3-51547F2F7230}.Debug|x86.Build.0 = Debug|Win32
		{F4F2427A-E2C4-4783-9BB3-51547F2F7230}.Release|Any CPU.ActiveCfg = Release|Win32
		{F4F2427A-E2C4-4783-9BB3-51547F2F7230}.Release|x64.ActiveCfg = Release|x64
		{F4F2427A-E2C4-4783-9BB3-51547F2F7230}.Release|x64.Build.0 = Release|x64
		{F4F2427A-E2C4-4783-9BB3-51547F2F7230}.Release|x86.ActiveCfg = Release|Win32
		{F4F2427A-E2C4-4783-9BB3-51547F2F7230}.Release|x86.Build.0 = Release|Win32
		{0B7809BE-2C0F-44BF-AD2D-139FDA87827D}.Debug|Any CPU.ActiveCfg = Debug|Win32
		{0B7809BE-2C0F-44BF-AD2D-139FDA87827D}.Debug|x64.ActiveCfg = Debug|x64
		{0B7809BE-2C0F-44BF-AD2D-139FDA87827D}.Debug|x64.Build.0 = Debug|x64
		{0B7809BE-2C0F-44BF-AD2D-139FDA87827D}.Debug|x86.ActiveCfg = Debug|Win32
		{0B7809BE-2C0F-44BF-AD2D-139FDA87827D}.Debug|x86.Build.0 = Debug|Win32
		{0B7809BE-2C0F-44BF-AD2D-139FDA87827D}.Release|Any CPU.ActiveCfg = Release|Win32
		{0B7809BE-2C0F-44BF-AD2D-139FDA87827D}.Release|x64.ActiveCfg = Release|x64
		{0B7809BE-2C0F-44BF-AD2D-139FDA87827D}.Release|x64.Build.0 = Release|x64
		{0B7809BE-2C0F-44BF-AD2D-139FDA87827D}.Release|x86.ActiveCfg = Release|Win32
		{0B7809BE-2C0F-44BF-AD2D-139FDA87827D}.Release|x86.Build.0 = Release|Win32
		{87C3BB09-DA5D-495D-AB38-D2A2D3162773}.Debug|Any CPU.ActiveCfg = Debug|Win32
		{87C3BB09-DA5D-495D-AB38-D2A2D3162773}.Debug|x64.ActiveCfg = Debug|x64
		{87C3BB09-DA5D-495D-AB38-D2A2D3162773}.Debug|x64.Build.0 = Debug|x64
		{87C3BB09-DA5D-495D-AB38-D2A2D3162773}.Debug|x86.ActiveCfg = Debug|Win32
		{87C3BB09-DA5D-495D-AB38-D2A2D3162773}.Debug|x86.Build.0 = Debug|Win32
		{87C3BB09-DA5D-495D-AB38-D2A2D3162773}.Release|Any CPU.ActiveCfg = Release|Win32
		{87C3BB09-DA5D-495D-AB38-D2A2D3162773}.Release|x64.ActiveCfg = Release|x64
		{87C3BB09-DA5D-495D-AB38-D2A2D3162773}.Release|x64.Build.0 = Release|x64
		{87C3BB09-DA5D-495D-AB38-D2A2D3162773}.Release|x86.ActiveCfg = Release|Win32
		{87C3BB09-DA5D-495D-AB38-D2A2D3162773}.Release|x86.Build.0 = Release|Win32
		{4BC30067-F02E-4AC5-A5EC-90965239AA94}.Debug|Any CPU.ActiveCfg = Debug|Win32
		{4BC30067-F02E-4AC5-A5EC-90965239AA94}.Debug|x64.ActiveCfg = Debug|x64
		{4BC30067-F02E-4AC5-A5EC-90965239AA94}.Debug|x64.Build.0 = Debug|x64
		{4BC30067-F02E-4AC5-A5EC-90965239AA94}.Debug|x86.ActiveCfg = Debug|Win32
		{4BC30067-F02E-4AC5-A5EC-90965239AA94}.Debug|x86.Build.0 = Debug|Win32
		{4BC30067-F02E-4AC5-A5EC-90965239AA94}.Release|Any CPU.ActiveCfg = Release|Win32
		{4BC30067-F02E-4AC5-A5EC-90965239AA94}.Release|x64.ActiveCfg = Release|x64
		{4BC30067-F02E-4AC5-A5EC-90965239AA94}.Release|x64.Build.0 = Release|x64
		{4BC30067-F02E-4AC5-A5EC-90965239AA94}.Release|x86.ActiveCfg = Release|Win32
		{4BC30067-F02E-4AC5-A5EC-90965239AA94}.Release|x86.Build.0 = Release|Win32
		{122121E4-AFAA-4150-AB9E-DCC318D2707C}.Debug|Any CPU.ActiveCfg = Debug|Win32
		{122121E4-AFAA-4150-AB9E-DCC318D2707C}.Debug|x64.ActiveCfg = Debug|x64
		{122121E4-AFAA-4150-AB9E-DCC318D2707C}.Debug|x64.Build.0 = Debug|x64
		{122121E4-AFAA-4150-AB9E-DCC318D2707C}.Debug|x86.ActiveCfg = Debug|Win32
		{122121E4-AFAA-4150-AB9E-DCC318D2707C}.Debug|x86.Build.0 = Debug|Win32
		{122121E4-AFAA-4150-AB9E-DCC318D2707C}.Release|Any CPU.ActiveCfg = Release|Win32
		{122121E4-AFAA-4150-AB9E-DCC318D2707C}.Release|x64.ActiveCfg = Release|x64
		{122121E4-AFAA-4150-AB9E-DCC318D2707C}.Release|x64.Build.0 = Release|x64
		{122121E4-AFAA-4150-AB9E-DCC318D2707C}.Release|x86.ActiveCfg = Release|Win32
		{122121E4-AFAA-4150-AB9E-DCC318D2707C}.Release|x86.Build.0 = Release|Win32
		{BD531D86-7FC7-4015-8347-1F761D53F613}.Debug|Any CPU.ActiveCfg = Debug|Win32
		{BD531D86-7FC7-4015-8347-1F761D53F613}.Debug|x64.ActiveCfg = Debug|x64
		{BD531D86-7FC7-4015-8347-1F761D53F613}.Debug|x64.Build.0 = Debug|x64
		{BD531D86-7FC7-4015-8347-1F761D53F613}.Debug|x86.ActiveCfg = Debug|Win32
		{BD531D86-7FC7-4015-8347-1F761D53F613}.Debug|x86.Build.0 = Debug|Win32
		{BD531D86-7FC7-4015-8347-1F761D53F613}.Release|Any CPU.ActiveCfg = Release|Win32
		{BD531D86-7FC7-4015-8347-1F761D53F613}.Release|x64.ActiveCfg = Release|x64
		{BD531D86-7FC7-4015-8347-1F761D53F613}.Release|x64.Build.0 = Release|x64
		{BD531D86-7FC7-4015-8347-1F761D53F613}.Release|x86.ActiveCfg = Release|Win32
		{BD531D86-7FC7-4015-8347-1F761D53F613}.Release|x86.Build.0 = Release|Win32
	EndGlobalSection
	GlobalSection(SolutionProperties) = preSolution
		HideSolutionNode = FALSE
	EndGlobalSection
	GlobalSection(NestedProjects) = preSolution
		{F8240E0E-F6F2-40CD-9F0A-946460553A90} = {BDCE098A-0144-4D23-97AC-BB14EE96DF10}
		{83C082F5-9D83-4B42-843F-8CC3AF4B100A} = {BDCE098A-0144-4D23-97AC-BB14EE96DF10}
		{CC125297-E55B-4163-BE16-EDF28FD51BE7} = {8F40133F-9BF2-4066-A773-0EC68C316F88}
		{55915EE4-58E8-446E-9B6F-1D894CE46200} = {BDCE098A-0144-4D23-97AC-BB14EE96DF10}
		{AE881D68-5921-43B1-A5C3-20D5B931877F} = {BDCE098A-0144-4D23-97AC-BB14EE96DF10}
		{743CDE7D-7E54-4C8C-95F3-2A1FE0B356DC} = {8F40133F-9BF2-4066-A773-0EC68C316F88}
		{0DD4ECF9-B133-4CE4-BBF0-C80683CAA80F} = {BDCE098A-0144-4D23-97AC-BB14EE96DF10}
		{83D0338F-0AAB-4FE9-AB9F-107D246D6C32} = {BDCE098A-0144-4D23-97AC-BB14EE96DF10}
		{F4F2427A-E2C4-4783-9BB3-51547F2F7230} = {BDCE098A-0144-4D23-97AC-BB14EE96DF10}
		{0B7809BE-2C0F-44BF-AD2D-139FDA87827D} = {BDCE098A-0144-4D23-97AC-BB14EE96DF10}
		{87C3BB09-DA5D-495D-AB38-D2A2D3162773} = {BDCE098A-0144-4D23-97AC-BB14EE96DF10}
		{4BC30067-F02E-4AC5-A5EC-90965239AA94} = {BDCE098A-0144-4D23-97AC-BB14EE96DF10}
		{122121E4-AFAA-4150-AB9E-DCC318D2707C} = {BDCE098A-0144-4D23-97AC-BB14EE96DF10}
		{BD531D86-7FC7-4015-8347-1F761D53F613} = {BDCE098A-0144-4D23-97AC-BB14EE96DF10}
	EndGlobalSection
	GlobalSection(ExtensibilityGlobals) = postSolution
		SolutionGuid = {05411A58-440A-47C2-A8D4-411F81D00A5A}
	EndGlobalSection
EndGlobal
