
Microsoft Visual Studio Solution File, Format Version 12.00
# Visual Studio Version 16
VisualStudioVersion = 16.0.29728.190
MinimumVisualStudioVersion = 10.0.40219.1
Project("{8BC9CEB8-8B4A-11D0-8D11-00A0C91BC942}") = "AIE_01_Warmup_CasualStringBuilder", "Exercises\AIE_01_Warmup_CasualStringBuilder\AIE_01_Warmup_CasualStringBuilder.vcxproj", "{F8240E0E-F6F2-40CD-9F0A-946460553A90}"
EndProject
Project("{2150E333-8FDC-42A3-9474-1A3956D46DE8}") = "WarmUps", "WarmUps", "{BDCE098A-0144-4D23-97AC-BB14EE96DF10}"
EndProject
Project("{2150E333-8FDC-42A3-9474-1A3956D46DE8}") = "GameAI", "GameAI", "{8F40133F-9BF2-4066-A773-0EC68C316F88}"
EndProject
Project("{8BC9CEB8-8B4A-11D0-8D11-00A0C91BC942}") = "AIE_02_WarmUp_BlackJack", "Exercises\AIE_02_WarmUp_BlackJack\AIE_02_WarmUp_BlackJack.vcxproj", "{83C082F5-9D83-4B42-843F-8CC3AF4B100A}"
EndProject
Project("{8BC9CEB8-8B4A-11D0-8D11-00A0C91BC942}") = "AIE_GameAI", "Exercises\GameAI\GameAI.vcxproj", "{CC125297-E55B-4163-BE16-EDF28FD51BE7}"
EndProject
Global
	GlobalSection(SolutionConfigurationPlatforms) = preSolution
		Debug|x64 = Debug|x64
		Debug|x86 = Debug|x86
		Release|x64 = Release|x64
		Release|x86 = Release|x86
	EndGlobalSection
	GlobalSection(ProjectConfigurationPlatforms) = postSolution
		{F8240E0E-F6F2-40CD-9F0A-946460553A90}.Debug|x64.ActiveCfg = Debug|x64
		{F8240E0E-F6F2-40CD-9F0A-946460553A90}.Debug|x64.Build.0 = Debug|x64
		{F8240E0E-F6F2-40CD-9F0A-946460553A90}.Debug|x86.ActiveCfg = Debug|Win32
		{F8240E0E-F6F2-40CD-9F0A-946460553A90}.Debug|x86.Build.0 = Debug|Win32
		{F8240E0E-F6F2-40CD-9F0A-946460553A90}.Release|x64.ActiveCfg = Release|x64
		{F8240E0E-F6F2-40CD-9F0A-946460553A90}.Release|x64.Build.0 = Release|x64
		{F8240E0E-F6F2-40CD-9F0A-946460553A90}.Release|x86.ActiveCfg = Release|Win32
		{F8240E0E-F6F2-40CD-9F0A-946460553A90}.Release|x86.Build.0 = Release|Win32
		{83C082F5-9D83-4B42-843F-8CC3AF4B100A}.Debug|x64.ActiveCfg = Debug|x64
		{83C082F5-9D83-4B42-843F-8CC3AF4B100A}.Debug|x64.Build.0 = Debug|x64
		{83C082F5-9D83-4B42-843F-8CC3AF4B100A}.Debug|x86.ActiveCfg = Debug|Win32
		{83C082F5-9D83-4B42-843F-8CC3AF4B100A}.Debug|x86.Build.0 = Debug|Win32
		{83C082F5-9D83-4B42-843F-8CC3AF4B100A}.Release|x64.ActiveCfg = Release|x64
		{83C082F5-9D83-4B42-843F-8CC3AF4B100A}.Release|x64.Build.0 = Release|x64
		{83C082F5-9D83-4B42-843F-8CC3AF4B100A}.Release|x86.ActiveCfg = Release|Win32
		{83C082F5-9D83-4B42-843F-8CC3AF4B100A}.Release|x86.Build.0 = Release|Win32
		{CC125297-E55B-4163-BE16-EDF28FD51BE7}.Debug|x64.ActiveCfg = Debug|x64
		{CC125297-E55B-4163-BE16-EDF28FD51BE7}.Debug|x64.Build.0 = Debug|x64
		{CC125297-E55B-4163-BE16-EDF28FD51BE7}.Debug|x86.ActiveCfg = Debug|Win32
		{CC125297-E55B-4163-BE16-EDF28FD51BE7}.Debug|x86.Build.0 = Debug|Win32
		{CC125297-E55B-4163-BE16-EDF28FD51BE7}.Release|x64.ActiveCfg = Release|x64
		{CC125297-E55B-4163-BE16-EDF28FD51BE7}.Release|x64.Build.0 = Release|x64
		{CC125297-E55B-4163-BE16-EDF28FD51BE7}.Release|x86.ActiveCfg = Release|Win32
		{CC125297-E55B-4163-BE16-EDF28FD51BE7}.Release|x86.Build.0 = Release|Win32
	EndGlobalSection
	GlobalSection(SolutionProperties) = preSolution
		HideSolutionNode = FALSE
	EndGlobalSection
	GlobalSection(NestedProjects) = preSolution
		{F8240E0E-F6F2-40CD-9F0A-946460553A90} = {BDCE098A-0144-4D23-97AC-BB14EE96DF10}
		{83C082F5-9D83-4B42-843F-8CC3AF4B100A} = {BDCE098A-0144-4D23-97AC-BB14EE96DF10}
		{CC125297-E55B-4163-BE16-EDF28FD51BE7} = {8F40133F-9BF2-4066-A773-0EC68C316F88}
	EndGlobalSection
	GlobalSection(ExtensibilityGlobals) = postSolution
		SolutionGuid = {05411A58-440A-47C2-A8D4-411F81D00A5A}
	EndGlobalSection
EndGlobal
