<?xml version="1.0" encoding="utf-8"?>
<Project ToolsVersion="4.0" xmlns="http://schemas.microsoft.com/developer/msbuild/2003">
  <ItemGroup>
    <Filter Include="Source Files">
      <UniqueIdentifier>{4FC737F1-C7A5-4376-A066-2A32D752A2FF}</UniqueIdentifier>
      <Extensions>cpp;c;cc;cxx;c++;cppm;ixx;def;odl;idl;hpj;bat;asm;asmx</Extensions>
    </Filter>
    <Filter Include="Header Files">
      <UniqueIdentifier>{93995380-89BD-4b04-88EB-625FBE52EBFB}</UniqueIdentifier>
      <Extensions>h;hh;hpp;hxx;h++;hm;inl;inc;ipp;xsd</Extensions>
    </Filter>
    <Filter Include="Source Files\Game">
      <UniqueIdentifier>{8a45362f-7290-44d2-8d6d-1d6d132c4250}</UniqueIdentifier>
    </Filter>
    <Filter Include="Header Files\Game">
      <UniqueIdentifier>{b15f449e-ce42-4941-a8e4-507b47dd515a}</UniqueIdentifier>
    </Filter>
  </ItemGroup>
  <ItemGroup>
    <ClInclude Include="Inc\Application.h">
      <Filter>Header Files</Filter>
    </ClInclude>
    <ClInclude Include="Inc\Demo1.h">
      <Filter>Header Files</Filter>
    </ClInclude>
    <ClInclude Include="Inc\Demo2.h">
      <Filter>Header Files</Filter>
    </ClInclude>
    <ClInclude Include="Inc\GameStateManager.h">
      <Filter>Header Files</Filter>
    </ClInclude>
    <ClInclude Include="Inc\IGameState.h">
      <Filter>Header Files</Filter>
    </ClInclude>
    <ClInclude Include="Inc\MenuState.h">
      <Filter>Header Files</Filter>
    </ClInclude>
    <ClInclude Include="Inc\Graph2D.h">
      <Filter>Header Files</Filter>
    </ClInclude>
    <ClInclude Include="Inc\Graph.h">
      <Filter>Header Files</Filter>
    </ClInclude>
    <ClInclude Include="Inc\Graph2DEditor.h">
      <Filter>Header Files</Filter>
    </ClInclude>
    <ClInclude Include="Inc\Behaviour.h">
      <Filter>Header Files</Filter>
    </ClInclude>
    <ClInclude Include="Inc\FleeBehaviour.h">
      <Filter>Header Files</Filter>
    </ClInclude>
    <ClInclude Include="Inc\GameObject.h">
      <Filter>Header Files</Filter>
    </ClInclude>
    <ClInclude Include="Inc\KeyBoardBehaviour.h">
      <Filter>Header Files</Filter>
    </ClInclude>
    <ClInclude Include="Inc\Player.h">
      <Filter>Header Files</Filter>
    </ClInclude>
    <ClInclude Include="Inc\SeekBehaviour.h">
      <Filter>Header Files</Filter>
    </ClInclude>
    <ClInclude Include="Inc\GameState.h">
      <Filter>Header Files\Game</Filter>
    </ClInclude>
    <ClInclude Include="Inc\PauseState.h">
      <Filter>Header Files\Game</Filter>
    </ClInclude>
    <ClInclude Include="Inc\GameMenuState.h">
      <Filter>Header Files\Game</Filter>
    </ClInclude>
    <ClInclude Include="Inc\GameOverState.h">
      <Filter>Header Files\Game</Filter>
    </ClInclude>
    <ClInclude Include="Inc\GuideState.h">
      <Filter>Header Files\Game</Filter>
    </ClInclude>
    <ClInclude Include="Inc\HighScoreState.h">
      <Filter>Header Files\Game</Filter>
    </ClInclude>
    <ClInclude Include="Inc\WonderBehaviour.h">
      <Filter>Header Files</Filter>
    </ClInclude>
    <ClInclude Include="Inc\Assets.h">
      <Filter>Header Files\Game</Filter>
    </ClInclude>
    <ClInclude Include="Inc\GamePlayer.h">
      <Filter>Header Files\Game</Filter>
    </ClInclude>
    <ClInclude Include="Inc\MainCharacter.h">
      <Filter>Header Files\Game</Filter>
    </ClInclude>
    <ClInclude Include="Inc\GoblinWanderer.h">
      <Filter>Header Files\Game</Filter>
    </ClInclude>
  </ItemGroup>
  <ItemGroup>
    <ClCompile Include="Source\Application.cpp">
      <Filter>Source Files</Filter>
    </ClCompile>
    <ClCompile Include="Source\Demo1.cpp">
      <Filter>Source Files</Filter>
    </ClCompile>
    <ClCompile Include="Source\Demo2.cpp">
      <Filter>Source Files</Filter>
    </ClCompile>
    <ClCompile Include="Source\main.cpp">
      <Filter>Source Files</Filter>
    </ClCompile>
    <ClCompile Include="Source\GameStateManager.cpp">
      <Filter>Source Files</Filter>
    </ClCompile>
    <ClCompile Include="Source\MenuState.cpp">
      <Filter>Source Files</Filter>
    </ClCompile>
    <ClCompile Include="Source\SeekBehaviour.cpp">
      <Filter>Source Files</Filter>
    </ClCompile>
    <ClCompile Include="Source\Graph2D.cpp">
      <Filter>Source Files</Filter>
    </ClCompile>
    <ClCompile Include="Source\Graph2DEditor.cpp">
      <Filter>Source Files</Filter>
    </ClCompile>
    <ClCompile Include="Source\FleeBehaviour.cpp">
      <Filter>Source Files</Filter>
    </ClCompile>
    <ClCompile Include="Source\GameObject.cpp">
      <Filter>Source Files</Filter>
    </ClCompile>
    <ClCompile Include="Source\KeyBoardBehaviour.cpp">
      <Filter>Source Files</Filter>
    </ClCompile>
    <ClCompile Include="Source\Player.cpp">
      <Filter>Source Files</Filter>
    </ClCompile>
    <ClCompile Include="Source\GameState.cpp">
      <Filter>Source Files\Game</Filter>
    </ClCompile>
    <ClCompile Include="Source\PauseState.cpp">
      <Filter>Source Files\Game</Filter>
    </ClCompile>
    <ClCompile Include="Source\GameMenuState.cpp">
      <Filter>Source Files\Game</Filter>
    </ClCompile>
    <ClCompile Include="Source\GameOverState.cpp">
      <Filter>Source Files\Game</Filter>
    </ClCompile>
    <ClCompile Include="Source\GuideState.cpp">
      <Filter>Source Files\Game</Filter>
    </ClCompile>
    <ClCompile Include="Source\HighScores.cpp">
      <Filter>Source Files\Game</Filter>
    </ClCompile>
    <ClCompile Include="Source\WonderBehaviour.cpp">
      <Filter>Source Files</Filter>
    </ClCompile>
    <ClCompile Include="Source\Assets.cpp">
      <Filter>Source Files\Game</Filter>
    </ClCompile>
    <ClCompile Include="Source\GamePlayer.cpp">
      <Filter>Source Files\Game</Filter>
    </ClCompile>
    <ClCompile Include="Source\MainCharacter.cpp">
      <Filter>Source Files\Game</Filter>
    </ClCompile>
    <ClCompile Include="Source\GoblinWanderer.cpp">
      <Filter>Source Files\Game</Filter>
    </ClCompile>
  </ItemGroup>
</Project>